
Microsoft Visual Studio Solution File, Format Version 12.00
# Visual Studio Version 17
VisualStudioVersion = 17.7.34221.43
MinimumVisualStudioVersion = 10.0.40219.1
Project("{FAE04EC0-301F-11D3-BF4B-00C04F79EFBC}") = "Empresa.Bss", "Empresa.Bss\Empresa.Bss.csproj", "{938BD0DE-F734-4202-83ED-514E1F5A7E1B}"
EndProject
Project("{FAE04EC0-301F-11D3-BF4B-00C04F79EFBC}") = "Empresa.Dal", "Empresa.Dal\Empresa.Dal.csproj", "{C1A65398-E8F0-4FE3-AA3A-52D0E06A0CBB}"
EndProject
Project("{FAE04EC0-301F-11D3-BF4B-00C04F79EFBC}") = "Empresa.Modelos", "Empresa.Modelos\Empresa.Modelos.csproj", "{7BDCCA12-DF85-49BF-BF20-734C001A350E}"
EndProject
Project("{FAE04EC0-301F-11D3-BF4B-00C04F79EFBC}") = "Empresa.Vista", "Empresa.Vista\Empresa.Vista.csproj", "{803E891A-FBFA-409A-BC31-70C67971DDB2}"
EndProject
Global
	GlobalSection(SolutionConfigurationPlatforms) = preSolution
		Debug|Any CPU = Debug|Any CPU
		Release|Any CPU = Release|Any CPU
	EndGlobalSection
	GlobalSection(ProjectConfigurationPlatforms) = postSolution
		{938BD0DE-F734-4202-83ED-514E1F5A7E1B}.Debug|Any CPU.ActiveCfg = Debug|Any CPU
		{938BD0DE-F734-4202-83ED-514E1F5A7E1B}.Debug|Any CPU.Build.0 = Debug|Any CPU
		{938BD0DE-F734-4202-83ED-514E1F5A7E1B}.Release|Any CPU.ActiveCfg = Release|Any CPU
		{938BD0DE-F734-4202-83ED-514E1F5A7E1B}.Release|Any CPU.Build.0 = Release|Any CPU
		{C1A65398-E8F0-4FE3-AA3A-52D0E06A0CBB}.Debug|Any CPU.ActiveCfg = Debug|Any CPU
		{C1A65398-E8F0-4FE3-AA3A-52D0E06A0CBB}.Debug|Any CPU.Build.0 = Debug|Any CPU
		{C1A65398-E8F0-4FE3-AA3A-52D0E06A0CBB}.Release|Any CPU.ActiveCfg = Release|Any CPU
		{C1A65398-E8F0-4FE3-AA3A-52D0E06A0CBB}.Release|Any CPU.Build.0 = Release|Any CPU
		{7BDCCA12-DF85-49BF-BF20-734C001A350E}.Debug|Any CPU.ActiveCfg = Debug|Any CPU
		{7BDCCA12-DF85-49BF-BF20-734C001A350E}.Debug|Any CPU.Build.0 = Debug|Any CPU
		{7BDCCA12-DF85-49BF-BF20-734C001A350E}.Release|Any CPU.ActiveCfg = Release|Any CPU
		{7BDCCA12-DF85-49BF-BF20-734C001A350E}.Release|Any CPU.Build.0 = Release|Any CPU
		{803E891A-FBFA-409A-BC31-70C67971DDB2}.Debug|Any CPU.ActiveCfg = Debug|Any CPU
		{803E891A-FBFA-409A-BC31-70C67971DDB2}.Debug|Any CPU.Build.0 = Debug|Any CPU
		{803E891A-FBFA-409A-BC31-70C67971DDB2}.Release|Any CPU.ActiveCfg = Release|Any CPU
		{803E891A-FBFA-409A-BC31-70C67971DDB2}.Release|Any CPU.Build.0 = Release|Any CPU
	EndGlobalSection
	GlobalSection(SolutionProperties) = preSolution
		HideSolutionNode = FALSE
	EndGlobalSection
	GlobalSection(ExtensibilityGlobals) = postSolution
		SolutionGuid = {A41F70FB-F346-44D8-92AD-2A634C20D6C3}
	EndGlobalSection
EndGlobal
